<?xml version="1.0" encoding="utf-8"?>
<Project ToolsVersion="4.0" xmlns="http://schemas.microsoft.com/developer/msbuild/2003">
  <ItemGroup>
    <Filter Include="Source Files">
      <UniqueIdentifier>{4FC737F1-C7A5-4376-A066-2A32D752A2FF}</UniqueIdentifier>
      <Extensions>cpp;c;cc;cxx;def;odl;idl;hpj;bat;asm;asmx</Extensions>
    </Filter>
    <Filter Include="Header Files">
      <UniqueIdentifier>{93995380-89BD-4b04-88EB-625FBE52EBFB}</UniqueIdentifier>
      <Extensions>h;hh;hpp;hxx;hm;inl;inc;ipp;xsd</Extensions>
    </Filter>
    <Filter Include="Resource Files">
      <UniqueIdentifier>{67DA6AB6-F800-4c08-8B7A-83BB121AAD01}</UniqueIdentifier>
      <Extensions>rc;ico;cur;bmp;dlg;rc2;rct;bin;rgs;gif;jpg;jpeg;jpe;resx;tiff;tif;png;wav;mfcribbon-ms</Extensions>
    </Filter>
    <Filter Include="Math">
      <UniqueIdentifier>{fecf82aa-5bcf-4a98-bcca-54fb7c955f65}</UniqueIdentifier>
    </Filter>
    <Filter Include="Utilities">
      <UniqueIdentifier>{145d5380-ab82-4fed-a2fd-63ffa9ef14bf}</UniqueIdentifier>
    </Filter>
    <Filter Include="Globals">
      <UniqueIdentifier>{c279d3f9-1ac5-4a79-a892-508bb40f2ccb}</UniqueIdentifier>
    </Filter>
    <Filter Include="Glad">
      <UniqueIdentifier>{f8a3ff28-691c-46a5-9182-ba6b33af2295}</UniqueIdentifier>
    </Filter>
    <Filter Include="Entry Point">
      <UniqueIdentifier>{8352c631-70f2-48fa-aea1-cc24251a5ba1}</UniqueIdentifier>
    </Filter>
    <Filter Include="Rendering">
      <UniqueIdentifier>{e215f2d0-7056-4699-baca-c7c5cd7cb083}</UniqueIdentifier>
    </Filter>
    <Filter Include="Math\Geometry">
      <UniqueIdentifier>{e5b1c99f-3b68-41f8-a109-7e3bbf2d1a48}</UniqueIdentifier>
    </Filter>
    <Filter Include="Math\Geometry\Lines">
      <UniqueIdentifier>{506b9da7-2285-4128-a51d-6a661bb6da4b}</UniqueIdentifier>
    </Filter>
  </ItemGroup>
  <ItemGroup>
    <ClInclude Include="m2Transform.h">
      <Filter>Math</Filter>
    </ClInclude>
    <ClInclude Include="m2Utilities.h">
      <Filter>Utilities</Filter>
    </ClInclude>
    <ClInclude Include="m2Singleton.h">
      <Filter>Globals</Filter>
    </ClInclude>
    <ClInclude Include="m2Window.h">
      <Filter>Globals</Filter>
    </ClInclude>
    <ClInclude Include="m2Timing.h">
      <Filter>Globals</Filter>
    </ClInclude>
    <ClInclude Include="m2Application.h">
      <Filter>Entry Point</Filter>
    </ClInclude>
    <ClInclude Include="m2Shader.h">
      <Filter>Rendering</Filter>
    </ClInclude>
    <ClInclude Include="m2Renderer.h">
      <Filter>Rendering</Filter>
    </ClInclude>
    <ClInclude Include="m2Line3.h">
      <Filter>Math\Geometry\Lines</Filter>
    </ClInclude>
    <ClInclude Include="m2Line2.h">
      <Filter>Math\Geometry\Lines</Filter>
    </ClInclude>
    <ClInclude Include="m2Effects.h">
      <Filter>Rendering</Filter>
    </ClInclude>
    <ClInclude Include="m2RayRenderer.h">
      <Filter>Rendering</Filter>
    </ClInclude>
    <ClInclude Include="m2RayMarcher.h">
      <Filter>Rendering</Filter>
    </ClInclude>
  </ItemGroup>
  <ItemGroup>
    <ClCompile Include="m2Transform.cpp">
      <Filter>Math</Filter>
    </ClCompile>
    <ClCompile Include="m2Utilities.cpp">
      <Filter>Utilities</Filter>
    </ClCompile>
    <ClCompile Include="m2Window.cpp">
      <Filter>Globals</Filter>
    </ClCompile>
    <ClCompile Include="glad.c">
      <Filter>Glad</Filter>
    </ClCompile>
    <ClCompile Include="m2Timing.cpp">
      <Filter>Globals</Filter>
    </ClCompile>
    <ClCompile Include="main.cpp">
      <Filter>Entry Point</Filter>
    </ClCompile>
    <ClCompile Include="m2Application.cpp">
      <Filter>Entry Point</Filter>
    </ClCompile>
    <ClCompile Include="m2Shader.cpp">
      <Filter>Rendering</Filter>
    </ClCompile>
    <ClCompile Include="m2Line2.cpp">
      <Filter>Math\Geometry\Lines</Filter>
    </ClCompile>
    <ClCompile Include="m2Line3.cpp">
      <Filter>Math\Geometry\Lines</Filter>
    </ClCompile>
    <ClCompile Include="m2Effects.cpp">
      <Filter>Rendering</Filter>
    </ClCompile>
    <ClCompile Include="m2RayRenderer.cpp">
      <Filter>Rendering</Filter>
    </ClCompile>
    <ClCompile Include="m2RayMarcher.cpp">
      <Filter>Rendering</Filter>
    </ClCompile>
  </ItemGroup>
</Project>