
Microsoft Visual Studio Solution File, Format Version 12.00
# Visual Studio 15
VisualStudioVersion = 15.0.28010.2026
MinimumVisualStudioVersion = 10.0.40219.1
Project("{8BC9CEB8-8B4A-11D0-8D11-00A0C91BC942}") = "mod2", "mod2\mod2.vcxproj", "{9EC27B4C-6275-4EC7-AB3B-C2AD1457CB68}"
EndProject
Global
	GlobalSection(SolutionConfigurationPlatforms) = preSolution
		Debug|x64 = Debug|x64
		Debug|x86 = Debug|x86
		Release|x64 = Release|x64
		Release|x86 = Release|x86
	EndGlobalSection
	GlobalSection(ProjectConfigurationPlatforms) = postSolution
		{9EC27B4C-6275-4EC7-AB3B-C2AD1457CB68}.Debug|x64.ActiveCfg = Debug|x64
		{9EC27B4C-6275-4EC7-AB3B-C2AD1457CB68}.Debug|x64.Build.0 = Debug|x64
		{9EC27B4C-6275-4EC7-AB3B-C2AD1457CB68}.Debug|x86.ActiveCfg = Debug|Win32
		{9EC27B4C-6275-4EC7-AB3B-C2AD1457CB68}.Debug|x86.Build.0 = Debug|Win32
		{9EC27B4C-6275-4EC7-AB3B-C2AD1457CB68}.Release|x64.ActiveCfg = Release|x64
		{9EC27B4C-6275-4EC7-AB3B-C2AD1457CB68}.Release|x64.Build.0 = Release|x64
		{9EC27B4C-6275-4EC7-AB3B-C2AD1457CB68}.Release|x86.ActiveCfg = Release|Win32
		{9EC27B4C-6275-4EC7-AB3B-C2AD1457CB68}.Release|x86.Build.0 = Release|Win32
	EndGlobalSection
	GlobalSection(SolutionProperties) = preSolution
		HideSolutionNode = FALSE
	EndGlobalSection
	GlobalSection(ExtensibilityGlobals) = postSolution
		SolutionGuid = {3D46B5B8-F006-417A-A786-9FF8D5D8D1BC}
	EndGlobalSection
EndGlobal
